<?xml version="1.0" encoding="utf-8"?>
<Project ToolsVersion="4.0" xmlns="http://schemas.microsoft.com/developer/msbuild/2003">
  <ItemGroup>
    <ClCompile Include="Render\Camera.cpp">
      <Filter>Render</Filter>
    </ClCompile>
    <ClCompile Include="Render\Render.cpp">
      <Filter>Render</Filter>
    </ClCompile>
    <ClCompile Include="RenderUtils.cpp" />
    <ClCompile Include="main.cpp" />
    <ClCompile Include="callbacks.cpp" />
    <ClCompile Include="RenderItems\Axis3D.cpp">
      <Filter>RenderItems</Filter>
    </ClCompile>
    <ClCompile Include="RenderItems\Particle.cpp">
      <Filter>RenderItems</Filter>
    </ClCompile>
    <ClCompile Include="ParticleSystem\ParticleSystem.cpp">
      <Filter>ParticleSystem</Filter>
    </ClCompile>
    <ClCompile Include="ParticleSystem\ParticleGenerators\UniformParticleGenerator.cpp">
      <Filter>ParticleSystem\ParticleGenerators</Filter>
    </ClCompile>
    <ClCompile Include="ParticleSystem\ParticleGenerators\ParticleGenerator.cpp">
      <Filter>ParticleSystem\ParticleGenerators</Filter>
    </ClCompile>
    <ClCompile Include="ParticleSystem\ParticleGenerators\NormalParticleGenerator.cpp">
      <Filter>ParticleSystem\ParticleGenerators</Filter>
    </ClCompile>
    <ClCompile Include="RenderItems\Machinery\IndustrialPieces\IndustrialPiece.cpp">
      <Filter>RenderItems\Machinery\IndustrialPieces</Filter>
    </ClCompile>
    <ClCompile Include="RenderItems\Machinery\IndustrialPieces\PropellerBladePiece.cpp">
      <Filter>RenderItems\Machinery\IndustrialPieces</Filter>
    </ClCompile>
    <ClCompile Include="Utils\SpaceGeometry.cpp">
      <Filter>Utils</Filter>
    </ClCompile>
    <ClCompile Include="RenderItems\Machinery\Submarine.cpp">
      <Filter>RenderItems\Machinery</Filter>
    </ClCompile>
    <ClCompile Include="ParticleSystem\ParticleGenerators\RoundAreaRangeGenerator.cpp">
      <Filter>ParticleSystem\ParticleGenerators</Filter>
    </ClCompile>
  </ItemGroup>
  <ItemGroup>
    <ClInclude Include="core.hpp" />
    <ClInclude Include="Render\Camera.h">
      <Filter>Render</Filter>
    </ClInclude>
    <ClInclude Include="Render\Render.h">
      <Filter>Render</Filter>
    </ClInclude>
    <ClInclude Include="RenderUtils.hpp" />
    <ClInclude Include="callbacks.hpp" />
    <ClInclude Include="RenderItems\Axis3D.h">
      <Filter>RenderItems</Filter>
    </ClInclude>
    <ClInclude Include="Utils\Vector3D.h">
      <Filter>Utils</Filter>
    </ClInclude>
    <ClInclude Include="RenderItems\Particle.h">
      <Filter>RenderItems</Filter>
    </ClInclude>
    <ClInclude Include="ParticleSystem\ParticleGenerators\ParticleGenerator.h">
      <Filter>ParticleSystem\ParticleGenerators</Filter>
    </ClInclude>
    <ClInclude Include="ParticleSystem\ParticleSystem.h">
      <Filter>ParticleSystem</Filter>
    </ClInclude>
    <ClInclude Include="ParticleSystem\ParticleGenerators\UniformParticleGenerator.h">
      <Filter>ParticleSystem\ParticleGenerators</Filter>
    </ClInclude>
    <ClInclude Include="ParticleSystem\ParticleGenerators\NormalParticleGenerator.h">
      <Filter>ParticleSystem\ParticleGenerators</Filter>
    </ClInclude>
    <ClInclude Include="ParticleSystem\ForceGenerators\ForceGenerator.h">
      <Filter>ParticleSystem\ForceGenerator</Filter>
    </ClInclude>
    <ClInclude Include="RenderItems\Machinery\IndustrialPieces\IndustrialPiece.h">
      <Filter>RenderItems\Machinery\IndustrialPieces</Filter>
    </ClInclude>
    <ClInclude Include="RenderItems\Machinery\IndustrialPieces\PropellerBladePiece.h">
      <Filter>RenderItems\Machinery\IndustrialPieces</Filter>
    </ClInclude>
    <ClInclude Include="Utils\SpaceGeometry.h">
      <Filter>Utils</Filter>
    </ClInclude>
    <ClInclude Include="ParticleSystem\ForceGenerators\GravityForceGenerator.h">
      <Filter>ParticleSystem\ForceGenerator</Filter>
    </ClInclude>
    <ClInclude Include="ParticleSystem\ForceGenerators\ExplosiveForceGenerator.h">
      <Filter>ParticleSystem\ForceGenerator</Filter>
    </ClInclude>
    <ClInclude Include="ParticleSystem\ForceGenerators\WindForceGenerator.h">
      <Filter>ParticleSystem\ForceGenerator</Filter>
    </ClInclude>
    <ClInclude Include="ParticleSystem\ForceGenerators\TornadoForceGenerator.h">
      <Filter>ParticleSystem\ForceGenerator</Filter>
    </ClInclude>
    <ClInclude Include="RenderItems\Machinery\Submarine.h">
      <Filter>RenderItems\Machinery</Filter>
    </ClInclude>
    <ClInclude Include="ParticleSystem\ParticleGenerators\RoundAreaRangeGenerator.h">
      <Filter>ParticleSystem\ParticleGenerators</Filter>
    </ClInclude>
    <ClInclude Include="ParticleSystem\ForceGenerators\ThrustForceGenerator.h">
      <Filter>ParticleSystem\ForceGenerator</Filter>
    </ClInclude>
  </ItemGroup>
  <ItemGroup>
    <Filter Include="Render">
      <UniqueIdentifier>{d04b4f9f-5a69-465e-8070-25c6d0bcd3c2}</UniqueIdentifier>
    </Filter>
    <Filter Include="RenderItems">
      <UniqueIdentifier>{1c8d50cc-387d-49ec-8cd0-13a16d3d2099}</UniqueIdentifier>
    </Filter>
    <Filter Include="Utils">
      <UniqueIdentifier>{5185c5cb-1acd-4363-84b0-3285295c9278}</UniqueIdentifier>
    </Filter>
    <Filter Include="ParticleSystem">
      <UniqueIdentifier>{1e5f62fc-f1c1-4e6b-a7f6-f1c7d11c9564}</UniqueIdentifier>
    </Filter>
    <Filter Include="ParticleSystem\ParticleGenerators">
      <UniqueIdentifier>{c0356ecb-7fda-4e7c-8d47-2d4f7aa78b6b}</UniqueIdentifier>
    </Filter>
    <Filter Include="ParticleSystem\ForceGenerator">
      <UniqueIdentifier>{2f35cbc2-7c0e-4dd6-8ed7-6381bfb156c4}</UniqueIdentifier>
    </Filter>
    <Filter Include="RenderItems\Machinery">
      <UniqueIdentifier>{2f6ec1fe-62f1-4593-a616-448b4b357c2e}</UniqueIdentifier>
    </Filter>
    <Filter Include="RenderItems\Machinery\IndustrialPieces">
      <UniqueIdentifier>{97835293-3e55-4282-bc96-79faea20097e}</UniqueIdentifier>
    </Filter>
  </ItemGroup>
</Project>