<?xml version="1.0" encoding="utf-8"?>
<Project ToolsVersion="4.0" xmlns="http://schemas.microsoft.com/developer/msbuild/2003">
  <ItemGroup>
    <ClCompile Include="Render\Camera.cpp">
      <Filter>Render</Filter>
    </ClCompile>
    <ClCompile Include="Render\Render.cpp">
      <Filter>Render</Filter>
    </ClCompile>
    <ClCompile Include="RenderUtils.cpp" />
    <ClCompile Include="main.cpp" />
    <ClCompile Include="callbacks.cpp" />
    <ClCompile Include="RenderItems\Axis3D.cpp">
      <Filter>RenderItems</Filter>
    </ClCompile>
    <ClCompile Include="RenderItems\Particle.cpp">
      <Filter>RenderItems</Filter>
    </ClCompile>
    <ClCompile Include="RenderItems\Machinery\IndustrialPieces\IndustrialPiece.cpp">
      <Filter>RenderItems\Machinery\IndustrialPieces</Filter>
    </ClCompile>
    <ClCompile Include="RenderItems\Machinery\IndustrialPieces\PropellerBladePiece.cpp">
      <Filter>RenderItems\Machinery\IndustrialPieces</Filter>
    </ClCompile>
    <ClCompile Include="Utils\SpaceGeometry.cpp">
      <Filter>Utils</Filter>
    </ClCompile>
    <ClCompile Include="RenderItems\Machinery\Submarine.cpp">
      <Filter>RenderItems\Machinery</Filter>
    </ClCompile>
    <ClCompile Include="RenderItems\Projectile.cpp">
      <Filter>RenderItems</Filter>
    </ClCompile>
    <ClCompile Include="RenderItems\Machinery\SubmarinePropeller.cpp">
      <Filter>RenderItems\Machinery</Filter>
    </ClCompile>
    <ClCompile Include="RenderItems\JellyfishMob.cpp">
      <Filter>RenderItems</Filter>
    </ClCompile>
    <ClCompile Include="EntitySystem\ForceGenerators\ThrustForceGenerator.cpp">
      <Filter>EntitySystem\ForceGenerators</Filter>
    </ClCompile>
    <ClCompile Include="EntitySystem\ParticleGenerators\NormalParticleGenerator.cpp">
      <Filter>EntitySystem\ParticleGenerators</Filter>
    </ClCompile>
    <ClCompile Include="EntitySystem\ParticleGenerators\ParticleGenerator.cpp">
      <Filter>EntitySystem\ParticleGenerators</Filter>
    </ClCompile>
    <ClCompile Include="EntitySystem\ParticleGenerators\RoundAreaRangeGenerator.cpp">
      <Filter>EntitySystem\ParticleGenerators</Filter>
    </ClCompile>
    <ClCompile Include="EntitySystem\ParticleGenerators\UniformParticleGenerator.cpp">
      <Filter>EntitySystem\ParticleGenerators</Filter>
    </ClCompile>
    <ClCompile Include="EntitySystem\EntitySystem.cpp">
      <Filter>EntitySystem</Filter>
    </ClCompile>
    <ClCompile Include="EntitySystem\BodyGenerators\JellyfishMobGenerator.cpp">
      <Filter>EntitySystem\BodyGenerators</Filter>
    </ClCompile>
    <ClCompile Include="EntitySystem\BodyGenerators\BodyGenerator.cpp">
      <Filter>EntitySystem\BodyGenerators</Filter>
    </ClCompile>
  </ItemGroup>
  <ItemGroup>
    <ClInclude Include="core.hpp" />
    <ClInclude Include="Render\Camera.h">
      <Filter>Render</Filter>
    </ClInclude>
    <ClInclude Include="Render\Render.h">
      <Filter>Render</Filter>
    </ClInclude>
    <ClInclude Include="RenderUtils.hpp" />
    <ClInclude Include="callbacks.hpp" />
    <ClInclude Include="RenderItems\Axis3D.h">
      <Filter>RenderItems</Filter>
    </ClInclude>
    <ClInclude Include="Utils\Vector3D.h">
      <Filter>Utils</Filter>
    </ClInclude>
    <ClInclude Include="RenderItems\Particle.h">
      <Filter>RenderItems</Filter>
    </ClInclude>
    <ClInclude Include="RenderItems\Machinery\IndustrialPieces\IndustrialPiece.h">
      <Filter>RenderItems\Machinery\IndustrialPieces</Filter>
    </ClInclude>
    <ClInclude Include="RenderItems\Machinery\IndustrialPieces\PropellerBladePiece.h">
      <Filter>RenderItems\Machinery\IndustrialPieces</Filter>
    </ClInclude>
    <ClInclude Include="Utils\SpaceGeometry.h">
      <Filter>Utils</Filter>
    </ClInclude>
    <ClInclude Include="RenderItems\Machinery\Submarine.h">
      <Filter>RenderItems\Machinery</Filter>
    </ClInclude>
    <ClInclude Include="RenderItems\Projectile.h">
      <Filter>RenderItems</Filter>
    </ClInclude>
    <ClInclude Include="RenderItems\Machinery\SubmarinePropeller.h">
      <Filter>RenderItems\Machinery</Filter>
    </ClInclude>
    <ClInclude Include="RenderItems\JellyfishMob.h">
      <Filter>RenderItems</Filter>
    </ClInclude>
    <ClInclude Include="EntitySystem\ForceGenerators\ExplosiveForceGenerator.h">
      <Filter>EntitySystem\ForceGenerators</Filter>
    </ClInclude>
    <ClInclude Include="EntitySystem\ForceGenerators\ForceGenerator.h">
      <Filter>EntitySystem\ForceGenerators</Filter>
    </ClInclude>
    <ClInclude Include="EntitySystem\ForceGenerators\FrictionForceGenerator.h">
      <Filter>EntitySystem\ForceGenerators</Filter>
    </ClInclude>
    <ClInclude Include="EntitySystem\ForceGenerators\GravityForceGenerator.h">
      <Filter>EntitySystem\ForceGenerators</Filter>
    </ClInclude>
    <ClInclude Include="EntitySystem\ForceGenerators\SpringForceGenerator.h">
      <Filter>EntitySystem\ForceGenerators</Filter>
    </ClInclude>
    <ClInclude Include="EntitySystem\ForceGenerators\ThrustForceGenerator.h">
      <Filter>EntitySystem\ForceGenerators</Filter>
    </ClInclude>
    <ClInclude Include="EntitySystem\ForceGenerators\TornadoForceGenerator.h">
      <Filter>EntitySystem\ForceGenerators</Filter>
    </ClInclude>
    <ClInclude Include="EntitySystem\ForceGenerators\WindForceGenerator.h">
      <Filter>EntitySystem\ForceGenerators</Filter>
    </ClInclude>
    <ClInclude Include="EntitySystem\ParticleGenerators\NormalParticleGenerator.h">
      <Filter>EntitySystem\ParticleGenerators</Filter>
    </ClInclude>
    <ClInclude Include="EntitySystem\ParticleGenerators\ParticleGenerator.h">
      <Filter>EntitySystem\ParticleGenerators</Filter>
    </ClInclude>
    <ClInclude Include="EntitySystem\ParticleGenerators\RoundAreaRangeGenerator.h">
      <Filter>EntitySystem\ParticleGenerators</Filter>
    </ClInclude>
    <ClInclude Include="EntitySystem\ParticleGenerators\UniformParticleGenerator.h">
      <Filter>EntitySystem\ParticleGenerators</Filter>
    </ClInclude>
    <ClInclude Include="EntitySystem\EntitySystem.h">
      <Filter>EntitySystem</Filter>
    </ClInclude>
    <ClInclude Include="EntitySystem\BodyGenerators\JellyfishMobGenerator.h">
      <Filter>EntitySystem\BodyGenerators</Filter>
    </ClInclude>
    <ClInclude Include="EntitySystem\BodyGenerators\BodyGenerator.h">
      <Filter>EntitySystem\BodyGenerators</Filter>
    </ClInclude>
    <ClInclude Include="RenderItems\DynamicEntity.h">
      <Filter>RenderItems</Filter>
    </ClInclude>
    <ClInclude Include="RenderItems\RenderBody.h">
      <Filter>RenderItems</Filter>
    </ClInclude>
  </ItemGroup>
  <ItemGroup>
    <Filter Include="Render">
      <UniqueIdentifier>{d04b4f9f-5a69-465e-8070-25c6d0bcd3c2}</UniqueIdentifier>
    </Filter>
    <Filter Include="RenderItems">
      <UniqueIdentifier>{1c8d50cc-387d-49ec-8cd0-13a16d3d2099}</UniqueIdentifier>
    </Filter>
    <Filter Include="Utils">
      <UniqueIdentifier>{5185c5cb-1acd-4363-84b0-3285295c9278}</UniqueIdentifier>
    </Filter>
    <Filter Include="RenderItems\Machinery">
      <UniqueIdentifier>{2f6ec1fe-62f1-4593-a616-448b4b357c2e}</UniqueIdentifier>
    </Filter>
    <Filter Include="RenderItems\Machinery\IndustrialPieces">
      <UniqueIdentifier>{97835293-3e55-4282-bc96-79faea20097e}</UniqueIdentifier>
    </Filter>
    <Filter Include="EntitySystem">
      <UniqueIdentifier>{1e5f62fc-f1c1-4e6b-a7f6-f1c7d11c9564}</UniqueIdentifier>
    </Filter>
    <Filter Include="EntitySystem\ParticleGenerators">
      <UniqueIdentifier>{c0356ecb-7fda-4e7c-8d47-2d4f7aa78b6b}</UniqueIdentifier>
    </Filter>
    <Filter Include="EntitySystem\BodyGenerators">
      <UniqueIdentifier>{3b24e300-d73c-4ecf-905b-6a828c746791}</UniqueIdentifier>
    </Filter>
    <Filter Include="EntitySystem\ForceGenerators">
      <UniqueIdentifier>{2f35cbc2-7c0e-4dd6-8ed7-6381bfb156c4}</UniqueIdentifier>
    </Filter>
  </ItemGroup>
</Project>